
Microsoft Visual Studio Solution File, Format Version 12.00
# Visual Studio Version 16
VisualStudioVersion = 16.0.30320.27
MinimumVisualStudioVersion = 10.0.40219.1
Project("{FAE04EC0-301F-11D3-BF4B-00C04F79EFBC}") = "Opener", "Opener\Opener.csproj", "{ACD8F951-3D14-40B6-9E07-F7438B52DE15}"
EndProject
Project("{930C7802-8A8C-48F9-8165-68863BCCD9DD}") = "Opener.Wix.Setup", "Opener.Wix.Setup\Opener.Wix.Setup.wixproj", "{79AD1690-4E1A-4D75-83C4-9B8359548DDA}"
EndProject
Global
	GlobalSection(SolutionConfigurationPlatforms) = preSolution
		Debug|Any CPU = Debug|Any CPU
		Debug|x86 = Debug|x86
		Release|Any CPU = Release|Any CPU
		Release|x86 = Release|x86
	EndGlobalSection
	GlobalSection(ProjectConfigurationPlatforms) = postSolution
		{ACD8F951-3D14-40B6-9E07-F7438B52DE15}.Debug|Any CPU.ActiveCfg = Debug|Any CPU
		{ACD8F951-3D14-40B6-9E07-F7438B52DE15}.Debug|Any CPU.Build.0 = Debug|Any CPU
		{ACD8F951-3D14-40B6-9E07-F7438B52DE15}.Debug|x86.ActiveCfg = Debug|Any CPU
		{ACD8F951-3D14-40B6-9E07-F7438B52DE15}.Debug|x86.Build.0 = Debug|Any CPU
		{ACD8F951-3D14-40B6-9E07-F7438B52DE15}.Release|Any CPU.ActiveCfg = Release|Any CPU
		{ACD8F951-3D14-40B6-9E07-F7438B52DE15}.Release|Any CPU.Build.0 = Release|Any CPU
		{ACD8F951-3D14-40B6-9E07-F7438B52DE15}.Release|x86.ActiveCfg = Release|Any CPU
		{ACD8F951-3D14-40B6-9E07-F7438B52DE15}.Release|x86.Build.0 = Release|Any CPU
		{79AD1690-4E1A-4D75-83C4-9B8359548DDA}.Debug|Any CPU.ActiveCfg = Debug|x86
		{79AD1690-4E1A-4D75-83C4-9B8359548DDA}.Debug|x86.ActiveCfg = Debug|x86
		{79AD1690-4E1A-4D75-83C4-9B8359548DDA}.Debug|x86.Build.0 = Debug|x86
		{79AD1690-4E1A-4D75-83C4-9B8359548DDA}.Release|Any CPU.ActiveCfg = Release|x86
		{79AD1690-4E1A-4D75-83C4-9B8359548DDA}.Release|x86.ActiveCfg = Release|x86
		{79AD1690-4E1A-4D75-83C4-9B8359548DDA}.Release|x86.Build.0 = Release|x86
	EndGlobalSection
	GlobalSection(SolutionProperties) = preSolution
		HideSolutionNode = FALSE
	EndGlobalSection
	GlobalSection(ExtensibilityGlobals) = postSolution
		SolutionGuid = {137A9C5B-257F-45AB-8E17-19FA1C0B73CD}
	EndGlobalSection
EndGlobal
