
Microsoft Visual Studio Solution File, Format Version 12.00
# Visual Studio 15
VisualStudioVersion = 15.0.28307.645
MinimumVisualStudioVersion = 10.0.40219.1
Project("{FAE04EC0-301F-11D3-BF4B-00C04F79EFBC}") = "Opener", "Opener\Opener.csproj", "{ACD8F951-3D14-40B6-9E07-F7438B52DE15}"
EndProject
Global
	GlobalSection(SolutionConfigurationPlatforms) = preSolution
		Debug|Any CPU = Debug|Any CPU
		Release|Any CPU = Release|Any CPU
	EndGlobalSection
	GlobalSection(ProjectConfigurationPlatforms) = postSolution
		{ACD8F951-3D14-40B6-9E07-F7438B52DE15}.Debug|Any CPU.ActiveCfg = Debug|Any CPU
		{ACD8F951-3D14-40B6-9E07-F7438B52DE15}.Debug|Any CPU.Build.0 = Debug|Any CPU
		{ACD8F951-3D14-40B6-9E07-F7438B52DE15}.Release|Any CPU.ActiveCfg = Release|Any CPU
		{ACD8F951-3D14-40B6-9E07-F7438B52DE15}.Release|Any CPU.Build.0 = Release|Any CPU
	EndGlobalSection
	GlobalSection(SolutionProperties) = preSolution
		HideSolutionNode = FALSE
	EndGlobalSection
	GlobalSection(ExtensibilityGlobals) = postSolution
		SolutionGuid = {137A9C5B-257F-45AB-8E17-19FA1C0B73CD}
	EndGlobalSection
EndGlobal
